// !$*UTF8*$!
{
	archiveVersion = 1;
	classes = {
	};
	objectVersion = 50;
	objects = {

/* Begin PBXBuildFile section */
		647E7A61244D51D100D6257D /* AppDelegate.swift in Sources */ = {isa = PBXBuildFile; fileRef = 647E7A60244D51D100D6257D /* AppDelegate.swift */; };
		647E7A63244D51D100D6257D /* SceneDelegate.swift in Sources */ = {isa = PBXBuildFile; fileRef = 647E7A62244D51D100D6257D /* SceneDelegate.swift */; };
		647E7A6A244D51ED00D6257D /* Assets.xcassets in Resources */ = {isa = PBXBuildFile; fileRef = 647E7A69244D51ED00D6257D /* Assets.xcassets */; };
		647E7A6D244D51ED00D6257D /* LaunchScreen.storyboard in Resources */ = {isa = PBXBuildFile; fileRef = 647E7A6B244D51ED00D6257D /* LaunchScreen.storyboard */; };
		647E7A75244D5DB300D6257D /* SearchVC.swift in Sources */ = {isa = PBXBuildFile; fileRef = 647E7A74244D5DB300D6257D /* SearchVC.swift */; };
		647E7A77244D5E0600D6257D /* FavoritesListVC.swift in Sources */ = {isa = PBXBuildFile; fileRef = 647E7A76244D5E0600D6257D /* FavoritesListVC.swift */; };
		647E7A79244E0D5700D6257D /* GFButton.swift in Sources */ = {isa = PBXBuildFile; fileRef = 647E7A78244E0D5700D6257D /* GFButton.swift */; };
		647E7A7B244E107400D6257D /* GFTextField.swift in Sources */ = {isa = PBXBuildFile; fileRef = 647E7A7A244E107400D6257D /* GFTextField.swift */; };
		647E7A7D244E512000D6257D /* FollowerListVC.swift in Sources */ = {isa = PBXBuildFile; fileRef = 647E7A7C244E512000D6257D /* FollowerListVC.swift */; };
		647E7A7F244E572700D6257D /* GFTitleLabel.swift in Sources */ = {isa = PBXBuildFile; fileRef = 647E7A7E244E572700D6257D /* GFTitleLabel.swift */; };
		647E7A81244E58A400D6257D /* GFBodyLabel.swift in Sources */ = {isa = PBXBuildFile; fileRef = 647E7A80244E58A400D6257D /* GFBodyLabel.swift */; };
		647E7A83244E599500D6257D /* GFAlertVC.swift in Sources */ = {isa = PBXBuildFile; fileRef = 647E7A82244E599500D6257D /* GFAlertVC.swift */; };
		647E7A85244E6DE700D6257D /* UIViewController+Ext.swift in Sources */ = {isa = PBXBuildFile; fileRef = 647E7A84244E6DE700D6257D /* UIViewController+Ext.swift */; };
		647E7A8E244E8CDD00D6257D /* Follower.swift in Sources */ = {isa = PBXBuildFile; fileRef = 647E7A8D244E8CDD00D6257D /* Follower.swift */; };
		647E7A90244E8DA200D6257D /* User.swift in Sources */ = {isa = PBXBuildFile; fileRef = 647E7A8F244E8DA200D6257D /* User.swift */; };
/* End PBXBuildFile section */

/* Begin PBXFileReference section */
		647E7A5D244D51D100D6257D /* GHFollowers.app */ = {isa = PBXFileReference; explicitFileType = wrapper.application; includeInIndex = 0; path = GHFollowers.app; sourceTree = BUILT_PRODUCTS_DIR; };
		647E7A60244D51D100D6257D /* AppDelegate.swift */ = {isa = PBXFileReference; lastKnownFileType = sourcecode.swift; path = AppDelegate.swift; sourceTree = "<group>"; };
		647E7A62244D51D100D6257D /* SceneDelegate.swift */ = {isa = PBXFileReference; lastKnownFileType = sourcecode.swift; path = SceneDelegate.swift; sourceTree = "<group>"; };
		647E7A69244D51ED00D6257D /* Assets.xcassets */ = {isa = PBXFileReference; lastKnownFileType = folder.assetcatalog; path = Assets.xcassets; sourceTree = "<group>"; };
		647E7A6C244D51ED00D6257D /* Base */ = {isa = PBXFileReference; lastKnownFileType = file.storyboard; name = Base; path = Base.lproj/LaunchScreen.storyboard; sourceTree = "<group>"; };
		647E7A6E244D51ED00D6257D /* Info.plist */ = {isa = PBXFileReference; lastKnownFileType = text.plist.xml; path = Info.plist; sourceTree = "<group>"; };
		647E7A74244D5DB300D6257D /* SearchVC.swift */ = {isa = PBXFileReference; lastKnownFileType = sourcecode.swift; path = SearchVC.swift; sourceTree = "<group>"; };
		647E7A76244D5E0600D6257D /* FavoritesListVC.swift */ = {isa = PBXFileReference; lastKnownFileType = sourcecode.swift; path = FavoritesListVC.swift; sourceTree = "<group>"; };
		647E7A78244E0D5700D6257D /* GFButton.swift */ = {isa = PBXFileReference; lastKnownFileType = sourcecode.swift; path = GFButton.swift; sourceTree = "<group>"; };
		647E7A7A244E107400D6257D /* GFTextField.swift */ = {isa = PBXFileReference; lastKnownFileType = sourcecode.swift; path = GFTextField.swift; sourceTree = "<group>"; };
		647E7A7C244E512000D6257D /* FollowerListVC.swift */ = {isa = PBXFileReference; lastKnownFileType = sourcecode.swift; path = FollowerListVC.swift; sourceTree = "<group>"; };
		647E7A7E244E572700D6257D /* GFTitleLabel.swift */ = {isa = PBXFileReference; lastKnownFileType = sourcecode.swift; path = GFTitleLabel.swift; sourceTree = "<group>"; };
		647E7A80244E58A400D6257D /* GFBodyLabel.swift */ = {isa = PBXFileReference; lastKnownFileType = sourcecode.swift; path = GFBodyLabel.swift; sourceTree = "<group>"; };
		647E7A82244E599500D6257D /* GFAlertVC.swift */ = {isa = PBXFileReference; lastKnownFileType = sourcecode.swift; path = GFAlertVC.swift; sourceTree = "<group>"; };
		647E7A84244E6DE700D6257D /* UIViewController+Ext.swift */ = {isa = PBXFileReference; lastKnownFileType = sourcecode.swift; path = "UIViewController+Ext.swift"; sourceTree = "<group>"; };
		647E7A8D244E8CDD00D6257D /* Follower.swift */ = {isa = PBXFileReference; lastKnownFileType = sourcecode.swift; path = Follower.swift; sourceTree = "<group>"; };
		647E7A8F244E8DA200D6257D /* User.swift */ = {isa = PBXFileReference; lastKnownFileType = sourcecode.swift; path = User.swift; sourceTree = "<group>"; };
/* End PBXFileReference section */

/* Begin PBXFrameworksBuildPhase section */
		647E7A5A244D51D100D6257D /* Frameworks */ = {
			isa = PBXFrameworksBuildPhase;
			buildActionMask = 2147483647;
			files = (
			);
			runOnlyForDeploymentPostprocessing = 0;
		};
/* End PBXFrameworksBuildPhase section */

/* Begin PBXGroup section */
		647E7A54244D51D100D6257D = {
			isa = PBXGroup;
			children = (
				647E7A5F244D51D100D6257D /* GHFollowers */,
				647E7A5E244D51D100D6257D /* Products */,
			);
			sourceTree = "<group>";
		};
		647E7A5E244D51D100D6257D /* Products */ = {
			isa = PBXGroup;
			children = (
				647E7A5D244D51D100D6257D /* GHFollowers.app */,
			);
			name = Products;
			sourceTree = "<group>";
		};
		647E7A5F244D51D100D6257D /* GHFollowers */ = {
			isa = PBXGroup;
			children = (
				647E7A6E244D51ED00D6257D /* Info.plist */,
				647E7A8C244E8C5E00D6257D /* Model */,
				647E7A8B244E843900D6257D /* Support */,
				647E7A8A244E83CE00D6257D /* Extension */,
				647E7A89244E838400D6257D /* Custom Views */,
				647E7A88244E831E00D6257D /* Screens */,
			);
			path = GHFollowers;
			sourceTree = "<group>";
		};
		647E7A88244E831E00D6257D /* Screens */ = {
			isa = PBXGroup;
			children = (
				647E7A74244D5DB300D6257D /* SearchVC.swift */,
				647E7A76244D5E0600D6257D /* FavoritesListVC.swift */,
				647E7A7C244E512000D6257D /* FollowerListVC.swift */,
			);
			path = Screens;
			sourceTree = "<group>";
		};
		647E7A89244E838400D6257D /* Custom Views */ = {
			isa = PBXGroup;
			children = (
				647E7A82244E599500D6257D /* GFAlertVC.swift */,
				647E7A78244E0D5700D6257D /* GFButton.swift */,
				647E7A7A244E107400D6257D /* GFTextField.swift */,
				647E7A7E244E572700D6257D /* GFTitleLabel.swift */,
				647E7A80244E58A400D6257D /* GFBodyLabel.swift */,
			);
			path = "Custom Views";
			sourceTree = "<group>";
		};
		647E7A8A244E83CE00D6257D /* Extension */ = {
			isa = PBXGroup;
			children = (
				647E7A84244E6DE700D6257D /* UIViewController+Ext.swift */,
			);
			path = Extension;
			sourceTree = "<group>";
		};
		647E7A8B244E843900D6257D /* Support */ = {
			isa = PBXGroup;
			children = (
				647E7A60244D51D100D6257D /* AppDelegate.swift */,
				647E7A62244D51D100D6257D /* SceneDelegate.swift */,
				647E7A69244D51ED00D6257D /* Assets.xcassets */,
				647E7A6B244D51ED00D6257D /* LaunchScreen.storyboard */,
			);
			path = Support;
			sourceTree = "<group>";
		};
		647E7A8C244E8C5E00D6257D /* Model */ = {
			isa = PBXGroup;
			children = (
				647E7A8D244E8CDD00D6257D /* Follower.swift */,
				647E7A8F244E8DA200D6257D /* User.swift */,
			);
			path = Model;
			sourceTree = "<group>";
		};
/* End PBXGroup section */

/* Begin PBXNativeTarget section */
		647E7A5C244D51D100D6257D /* GHFollowers */ = {
			isa = PBXNativeTarget;
			buildConfigurationList = 647E7A71244D51ED00D6257D /* Build configuration list for PBXNativeTarget "GHFollowers" */;
			buildPhases = (
				647E7A59244D51D100D6257D /* Sources */,
				647E7A5A244D51D100D6257D /* Frameworks */,
				647E7A5B244D51D100D6257D /* Resources */,
			);
			buildRules = (
			);
			dependencies = (
			);
			name = GHFollowers;
			productName = GHFollowers;
			productReference = 647E7A5D244D51D100D6257D /* GHFollowers.app */;
			productType = "com.apple.product-type.application";
		};
/* End PBXNativeTarget section */

/* Begin PBXProject section */
		647E7A55244D51D100D6257D /* Project object */ = {
			isa = PBXProject;
			attributes = {
				LastSwiftUpdateCheck = 1140;
				LastUpgradeCheck = 1140;
				ORGANIZATIONNAME = "Hemin Joshi";
				TargetAttributes = {
					647E7A5C244D51D100D6257D = {
						CreatedOnToolsVersion = 11.4.1;
					};
				};
			};
			buildConfigurationList = 647E7A58244D51D100D6257D /* Build configuration list for PBXProject "GHFollowers" */;
			compatibilityVersion = "Xcode 9.3";
			developmentRegion = en;
			hasScannedForEncodings = 0;
			knownRegions = (
				en,
				Base,
			);
			mainGroup = 647E7A54244D51D100D6257D;
			productRefGroup = 647E7A5E244D51D100D6257D /* Products */;
			projectDirPath = "";
			projectRoot = "";
			targets = (
				647E7A5C244D51D100D6257D /* GHFollowers */,
			);
		};
/* End PBXProject section */

/* Begin PBXResourcesBuildPhase section */
		647E7A5B244D51D100D6257D /* Resources */ = {
			isa = PBXResourcesBuildPhase;
			buildActionMask = 2147483647;
			files = (
				647E7A6D244D51ED00D6257D /* LaunchScreen.storyboard in Resources */,
				647E7A6A244D51ED00D6257D /* Assets.xcassets in Resources */,
			);
			runOnlyForDeploymentPostprocessing = 0;
		};
/* End PBXResourcesBuildPhase section */

/* Begin PBXSourcesBuildPhase section */
		647E7A59244D51D100D6257D /* Sources */ = {
			isa = PBXSourcesBuildPhase;
			buildActionMask = 2147483647;
			files = (
				647E7A90244E8DA200D6257D /* User.swift in Sources */,
				647E7A7B244E107400D6257D /* GFTextField.swift in Sources */,
				647E7A77244D5E0600D6257D /* FavoritesListVC.swift in Sources */,
				647E7A79244E0D5700D6257D /* GFButton.swift in Sources */,
				647E7A85244E6DE700D6257D /* UIViewController+Ext.swift in Sources */,
				647E7A75244D5DB300D6257D /* SearchVC.swift in Sources */,
				647E7A83244E599500D6257D /* GFAlertVC.swift in Sources */,
				647E7A81244E58A400D6257D /* GFBodyLabel.swift in Sources */,
				647E7A8E244E8CDD00D6257D /* Follower.swift in Sources */,
				647E7A7F244E572700D6257D /* GFTitleLabel.swift in Sources */,
				647E7A7D244E512000D6257D /* FollowerListVC.swift in Sources */,
				647E7A61244D51D100D6257D /* AppDelegate.swift in Sources */,
				647E7A63244D51D100D6257D /* SceneDelegate.swift in Sources */,
			);
			runOnlyForDeploymentPostprocessing = 0;
		};
/* End PBXSourcesBuildPhase section */

/* Begin PBXVariantGroup section */
		647E7A6B244D51ED00D6257D /* LaunchScreen.storyboard */ = {
			isa = PBXVariantGroup;
			children = (
				647E7A6C244D51ED00D6257D /* Base */,
			);
			name = LaunchScreen.storyboard;
			sourceTree = "<group>";
		};
/* End PBXVariantGroup section */

/* Begin XCBuildConfiguration section */
		647E7A6F244D51ED00D6257D /* Debug */ = {
			isa = XCBuildConfiguration;
			buildSettings = {
				ALWAYS_SEARCH_USER_PATHS = NO;
				CLANG_ANALYZER_NONNULL = YES;
				CLANG_ANALYZER_NUMBER_OBJECT_CONVERSION = YES_AGGRESSIVE;
				CLANG_CXX_LANGUAGE_STANDARD = "gnu++14";
				CLANG_CXX_LIBRARY = "libc++";
				CLANG_ENABLE_MODULES = YES;
				CLANG_ENABLE_OBJC_ARC = YES;
				CLANG_ENABLE_OBJC_WEAK = YES;
				CLANG_WARN_BLOCK_CAPTURE_AUTORELEASING = YES;
				CLANG_WARN_BOOL_CONVERSION = YES;
				CLANG_WARN_COMMA = YES;
				CLANG_WARN_CONSTANT_CONVERSION = YES;
				CLANG_WARN_DEPRECATED_OBJC_IMPLEMENTATIONS = YES;
				CLANG_WARN_DIRECT_OBJC_ISA_USAGE = YES_ERROR;
				CLANG_WARN_DOCUMENTATION_COMMENTS = YES;
				CLANG_WARN_EMPTY_BODY = YES;
				CLANG_WARN_ENUM_CONVERSION = YES;
				CLANG_WARN_INFINITE_RECURSION = YES;
				CLANG_WARN_INT_CONVERSION = YES;
				CLANG_WARN_NON_LITERAL_NULL_CONVERSION = YES;
				CLANG_WARN_OBJC_IMPLICIT_RETAIN_SELF = YES;
				CLANG_WARN_OBJC_LITERAL_CONVERSION = YES;
				CLANG_WARN_OBJC_ROOT_CLASS = YES_ERROR;
				CLANG_WARN_RANGE_LOOP_ANALYSIS = YES;
				CLANG_WARN_STRICT_PROTOTYPES = YES;
				CLANG_WARN_SUSPICIOUS_MOVE = YES;
				CLANG_WARN_UNGUARDED_AVAILABILITY = YES_AGGRESSIVE;
				CLANG_WARN_UNREACHABLE_CODE = YES;
				CLANG_WARN__DUPLICATE_METHOD_MATCH = YES;
				COPY_PHASE_STRIP = NO;
				DEBUG_INFORMATION_FORMAT = dwarf;
				ENABLE_STRICT_OBJC_MSGSEND = YES;
				ENABLE_TESTABILITY = YES;
				GCC_C_LANGUAGE_STANDARD = gnu11;
				GCC_DYNAMIC_NO_PIC = NO;
				GCC_NO_COMMON_BLOCKS = YES;
				GCC_OPTIMIZATION_LEVEL = 0;
				GCC_PREPROCESSOR_DEFINITIONS = (
					"DEBUG=1",
					"$(inherited)",
				);
				GCC_WARN_64_TO_32_BIT_CONVERSION = YES;
				GCC_WARN_ABOUT_RETURN_TYPE = YES_ERROR;
				GCC_WARN_UNDECLARED_SELECTOR = YES;
				GCC_WARN_UNINITIALIZED_AUTOS = YES_AGGRESSIVE;
				GCC_WARN_UNUSED_FUNCTION = YES;
				GCC_WARN_UNUSED_VARIABLE = YES;
				IPHONEOS_DEPLOYMENT_TARGET = 13.4;
				MTL_ENABLE_DEBUG_INFO = INCLUDE_SOURCE;
				MTL_FAST_MATH = YES;
				ONLY_ACTIVE_ARCH = YES;
				SDKROOT = iphoneos;
				SWIFT_ACTIVE_COMPILATION_CONDITIONS = DEBUG;
				SWIFT_OPTIMIZATION_LEVEL = "-Onone";
			};
			name = Debug;
		};
		647E7A70244D51ED00D6257D /* Release */ = {
			isa = XCBuildConfiguration;
			buildSettings = {
				ALWAYS_SEARCH_USER_PATHS = NO;
				CLANG_ANALYZER_NONNULL = YES;
				CLANG_ANALYZER_NUMBER_OBJECT_CONVERSION = YES_AGGRESSIVE;
				CLANG_CXX_LANGUAGE_STANDARD = "gnu++14";
				CLANG_CXX_LIBRARY = "libc++";
				CLANG_ENABLE_MODULES = YES;
				CLANG_ENABLE_OBJC_ARC = YES;
				CLANG_ENABLE_OBJC_WEAK = YES;
				CLANG_WARN_BLOCK_CAPTURE_AUTORELEASING = YES;
				CLANG_WARN_BOOL_CONVERSION = YES;
				CLANG_WARN_COMMA = YES;
				CLANG_WARN_CONSTANT_CONVERSION = YES;
				CLANG_WARN_DEPRECATED_OBJC_IMPLEMENTATIONS = YES;
				CLANG_WARN_DIRECT_OBJC_ISA_USAGE = YES_ERROR;
				CLANG_WARN_DOCUMENTATION_COMMENTS = YES;
				CLANG_WARN_EMPTY_BODY = YES;
				CLANG_WARN_ENUM_CONVERSION = YES;
				CLANG_WARN_INFINITE_RECURSION = YES;
				CLANG_WARN_INT_CONVERSION = YES;
				CLANG_WARN_NON_LITERAL_NULL_CONVERSION = YES;
				CLANG_WARN_OBJC_IMPLICIT_RETAIN_SELF = YES;
				CLANG_WARN_OBJC_LITERAL_CONVERSION = YES;
				CLANG_WARN_OBJC_ROOT_CLASS = YES_ERROR;
				CLANG_WARN_RANGE_LOOP_ANALYSIS = YES;
				CLANG_WARN_STRICT_PROTOTYPES = YES;
				CLANG_WARN_SUSPICIOUS_MOVE = YES;
				CLANG_WARN_UNGUARDED_AVAILABILITY = YES_AGGRESSIVE;
				CLANG_WARN_UNREACHABLE_CODE = YES;
				CLANG_WARN__DUPLICATE_METHOD_MATCH = YES;
				COPY_PHASE_STRIP = NO;
				DEBUG_INFORMATION_FORMAT = "dwarf-with-dsym";
				ENABLE_NS_ASSERTIONS = NO;
				ENABLE_STRICT_OBJC_MSGSEND = YES;
				GCC_C_LANGUAGE_STANDARD = gnu11;
				GCC_NO_COMMON_BLOCKS = YES;
				GCC_WARN_64_TO_32_BIT_CONVERSION = YES;
				GCC_WARN_ABOUT_RETURN_TYPE = YES_ERROR;
				GCC_WARN_UNDECLARED_SELECTOR = YES;
				GCC_WARN_UNINITIALIZED_AUTOS = YES_AGGRESSIVE;
				GCC_WARN_UNUSED_FUNCTION = YES;
				GCC_WARN_UNUSED_VARIABLE = YES;
				IPHONEOS_DEPLOYMENT_TARGET = 13.4;
				MTL_ENABLE_DEBUG_INFO = NO;
				MTL_FAST_MATH = YES;
				SDKROOT = iphoneos;
				SWIFT_COMPILATION_MODE = wholemodule;
				SWIFT_OPTIMIZATION_LEVEL = "-O";
				VALIDATE_PRODUCT = YES;
			};
			name = Release;
		};
		647E7A72244D51ED00D6257D /* Debug */ = {
			isa = XCBuildConfiguration;
			buildSettings = {
				ASSETCATALOG_COMPILER_APPICON_NAME = AppIcon;
				CODE_SIGN_STYLE = Automatic;
				DEVELOPMENT_TEAM = FWP5G89G3U;
				INFOPLIST_FILE = GHFollowers/Info.plist;
				LD_RUNPATH_SEARCH_PATHS = (
					"$(inherited)",
					"@executable_path/Frameworks",
				);
				PRODUCT_BUNDLE_IDENTIFIER = me.hemin.GHFollowers;
				PRODUCT_NAME = "$(TARGET_NAME)";
				SWIFT_VERSION = 5.0;
				TARGETED_DEVICE_FAMILY = 1;
			};
			name = Debug;
		};
		647E7A73244D51ED00D6257D /* Release */ = {
			isa = XCBuildConfiguration;
			buildSettings = {
				ASSETCATALOG_COMPILER_APPICON_NAME = AppIcon;
				CODE_SIGN_STYLE = Automatic;
				DEVELOPMENT_TEAM = FWP5G89G3U;
				INFOPLIST_FILE = GHFollowers/Info.plist;
				LD_RUNPATH_SEARCH_PATHS = (
					"$(inherited)",
					"@executable_path/Frameworks",
				);
				PRODUCT_BUNDLE_IDENTIFIER = me.hemin.GHFollowers;
				PRODUCT_NAME = "$(TARGET_NAME)";
				SWIFT_VERSION = 5.0;
				TARGETED_DEVICE_FAMILY = 1;
			};
			name = Release;
		};
/* End XCBuildConfiguration section */

/* Begin XCConfigurationList section */
		647E7A58244D51D100D6257D /* Build configuration list for PBXProject "GHFollowers" */ = {
			isa = XCConfigurationList;
			buildConfigurations = (
				647E7A6F244D51ED00D6257D /* Debug */,
				647E7A70244D51ED00D6257D /* Release */,
			);
			defaultConfigurationIsVisible = 0;
			defaultConfigurationName = Release;
		};
		647E7A71244D51ED00D6257D /* Build configuration list for PBXNativeTarget "GHFollowers" */ = {
			isa = XCConfigurationList;
			buildConfigurations = (
				647E7A72244D51ED00D6257D /* Debug */,
				647E7A73244D51ED00D6257D /* Release */,
			);
			defaultConfigurationIsVisible = 0;
			defaultConfigurationName = Release;
		};
/* End XCConfigurationList section */
	};
	rootObject = 647E7A55244D51D100D6257D /* Project object */;
}
